{
  "name": "fixed-background-effect-master",
  "lockfileVersion": 3,
  "requires": true,
  "packages": {
    "": {
      "dependencies": {
        "bourbon-neat": "^4.0.0"
      },
      "devDependencies": {
        "bourbon": "^7.3.0"
      }
    },
    "node_modules/bourbon": {
      "version": "7.3.0",
      "resolved": "https://registry.npmjs.org/bourbon/-/bourbon-7.3.0.tgz",
      "integrity": "sha512-u9ZUqmaX7K7nkarKODlFT4/XYfWafLRoadlv2Lye8hytrIA4Urg/50rav1eFdbdbO6o9GnK9a6qf7zwq808atA==",
      "dev": true
    },
    "node_modules/bourbon-neat": {
      "version": "4.0.0",
      "resolved": "https://registry.npmjs.org/bourbon-neat/-/bourbon-neat-4.0.0.tgz",
      "integrity": "sha512-Ql1JdvjNvK9NbGvcBpsDkfuRRMK8fZ/mx1gRyZEy3PM/kqQ8QX0PcmKEqnZMl18YLfKaDwC0qa+e36TlDmT49g=="
    }
  }
}
